{
  "name": "Aasare",
  "lockfileVersion": 3,
  "requires": true,
  "packages": {
    "": {
      "dependencies": {
        "switch": "^0.0.0"
      }
    },
    "node_modules/switch": {
      "version": "0.0.0",
      "resolved": "https://registry.npmjs.org/switch/-/switch-0.0.0.tgz",
      "integrity": "sha512-Pvi4hlAXWHEIT+4XlQEPPIQ02hRzvn38K/cnZ5sZeM11FsDPoXvBD6i/zyVxFK6cgqSlS8sA5/sIwUGp9+ZMhw=="
    }
  }
}
